
Microsoft Visual Studio Solution File, Format Version 12.00
# Visual Studio Version 17
VisualStudioVersion = 17.0.31903.59
MinimumVisualStudioVersion = 10.0.40219.1
Project("{FAE04EC0-301F-11D3-BF4B-00C04F79EFBC}") = "CapLeaderboardGen", "CapLeaderboardGen\CapLeaderboardGen.csproj", "{FB6BADCE-052D-422D-BF3B-5FF36EA18BEA}"
EndProject
Project("{9A19103F-16F7-4668-BE54-9A1E7A4F7556}") = "_build", "build\_build.csproj", "{33315069-4539-4148-998F-D6A5AE2308BA}"
EndProject
Global
	GlobalSection(SolutionConfigurationPlatforms) = preSolution
		Debug|Any CPU = Debug|Any CPU
		Release|Any CPU = Release|Any CPU
	EndGlobalSection
	GlobalSection(SolutionProperties) = preSolution
		HideSolutionNode = FALSE
	EndGlobalSection
	GlobalSection(ProjectConfigurationPlatforms) = postSolution
		{33315069-4539-4148-998F-D6A5AE2308BA}.Debug|Any CPU.ActiveCfg = Debug|Any CPU
		{33315069-4539-4148-998F-D6A5AE2308BA}.Release|Any CPU.ActiveCfg = Release|Any CPU
		{FB6BADCE-052D-422D-BF3B-5FF36EA18BEA}.Debug|Any CPU.ActiveCfg = Debug|Any CPU
		{FB6BADCE-052D-422D-BF3B-5FF36EA18BEA}.Debug|Any CPU.Build.0 = Debug|Any CPU
		{FB6BADCE-052D-422D-BF3B-5FF36EA18BEA}.Release|Any CPU.ActiveCfg = Release|Any CPU
		{FB6BADCE-052D-422D-BF3B-5FF36EA18BEA}.Release|Any CPU.Build.0 = Release|Any CPU
	EndGlobalSection
EndGlobal
